
Microsoft Visual Studio Solution File, Format Version 12.00
# Visual Studio Version 16
VisualStudioVersion = 16.0.30225.117
MinimumVisualStudioVersion = 15.0.26124.0
Project("{9A19103F-16F7-4668-BE54-9A1E7A4F7556}") = "ExceptionHandlingFirstCharOfString", "ExceptionHandlingFirstCharOfString\ExceptionHandlingFirstCharOfString.csproj", "{B6533FA3-C712-48C3-A11E-D1190B5BECBF}"
EndProject
Project("{FAE04EC0-301F-11D3-BF4B-00C04F79EFBC}") = "ExceptionHandlingConvertToIntLibruary", "ExceptionHandlingConvertToIntLibruary\ExceptionHandlingConvertToIntLibruary.csproj", "{E40C1FB9-4F26-4C7F-8453-D7EEA3412BCA}"
EndProject
Project("{FAE04EC0-301F-11D3-BF4B-00C04F79EFBC}") = "ExceptionHandlingFirstCharTest", "ExceptionHandlingFirstCharTest\ExceptionHandlingFirstCharTest.csproj", "{FF04101C-F4E5-4E96-89A5-97EE51F50329}"
EndProject
Global
	GlobalSection(SolutionConfigurationPlatforms) = preSolution
		Debug|Any CPU = Debug|Any CPU
		Debug|x64 = Debug|x64
		Debug|x86 = Debug|x86
		Release|Any CPU = Release|Any CPU
		Release|x64 = Release|x64
		Release|x86 = Release|x86
	EndGlobalSection
	GlobalSection(ProjectConfigurationPlatforms) = postSolution
		{B6533FA3-C712-48C3-A11E-D1190B5BECBF}.Debug|Any CPU.ActiveCfg = Debug|Any CPU
		{B6533FA3-C712-48C3-A11E-D1190B5BECBF}.Debug|Any CPU.Build.0 = Debug|Any CPU
		{B6533FA3-C712-48C3-A11E-D1190B5BECBF}.Debug|x64.ActiveCfg = Debug|Any CPU
		{B6533FA3-C712-48C3-A11E-D1190B5BECBF}.Debug|x64.Build.0 = Debug|Any CPU
		{B6533FA3-C712-48C3-A11E-D1190B5BECBF}.Debug|x86.ActiveCfg = Debug|Any CPU
		{B6533FA3-C712-48C3-A11E-D1190B5BECBF}.Debug|x86.Build.0 = Debug|Any CPU
		{B6533FA3-C712-48C3-A11E-D1190B5BECBF}.Release|Any CPU.ActiveCfg = Release|Any CPU
		{B6533FA3-C712-48C3-A11E-D1190B5BECBF}.Release|Any CPU.Build.0 = Release|Any CPU
		{B6533FA3-C712-48C3-A11E-D1190B5BECBF}.Release|x64.ActiveCfg = Release|Any CPU
		{B6533FA3-C712-48C3-A11E-D1190B5BECBF}.Release|x64.Build.0 = Release|Any CPU
		{B6533FA3-C712-48C3-A11E-D1190B5BECBF}.Release|x86.ActiveCfg = Release|Any CPU
		{B6533FA3-C712-48C3-A11E-D1190B5BECBF}.Release|x86.Build.0 = Release|Any CPU
		{E40C1FB9-4F26-4C7F-8453-D7EEA3412BCA}.Debug|Any CPU.ActiveCfg = Debug|Any CPU
		{E40C1FB9-4F26-4C7F-8453-D7EEA3412BCA}.Debug|Any CPU.Build.0 = Debug|Any CPU
		{E40C1FB9-4F26-4C7F-8453-D7EEA3412BCA}.Debug|x64.ActiveCfg = Debug|Any CPU
		{E40C1FB9-4F26-4C7F-8453-D7EEA3412BCA}.Debug|x64.Build.0 = Debug|Any CPU
		{E40C1FB9-4F26-4C7F-8453-D7EEA3412BCA}.Debug|x86.ActiveCfg = Debug|Any CPU
		{E40C1FB9-4F26-4C7F-8453-D7EEA3412BCA}.Debug|x86.Build.0 = Debug|Any CPU
		{E40C1FB9-4F26-4C7F-8453-D7EEA3412BCA}.Release|Any CPU.ActiveCfg = Release|Any CPU
		{E40C1FB9-4F26-4C7F-8453-D7EEA3412BCA}.Release|Any CPU.Build.0 = Release|Any CPU
		{E40C1FB9-4F26-4C7F-8453-D7EEA3412BCA}.Release|x64.ActiveCfg = Release|Any CPU
		{E40C1FB9-4F26-4C7F-8453-D7EEA3412BCA}.Release|x64.Build.0 = Release|Any CPU
		{E40C1FB9-4F26-4C7F-8453-D7EEA3412BCA}.Release|x86.ActiveCfg = Release|Any CPU
		{E40C1FB9-4F26-4C7F-8453-D7EEA3412BCA}.Release|x86.Build.0 = Release|Any CPU
		{FF04101C-F4E5-4E96-89A5-97EE51F50329}.Debug|Any CPU.ActiveCfg = Debug|Any CPU
		{FF04101C-F4E5-4E96-89A5-97EE51F50329}.Debug|Any CPU.Build.0 = Debug|Any CPU
		{FF04101C-F4E5-4E96-89A5-97EE51F50329}.Debug|x64.ActiveCfg = Debug|Any CPU
		{FF04101C-F4E5-4E96-89A5-97EE51F50329}.Debug|x64.Build.0 = Debug|Any CPU
		{FF04101C-F4E5-4E96-89A5-97EE51F50329}.Debug|x86.ActiveCfg = Debug|Any CPU
		{FF04101C-F4E5-4E96-89A5-97EE51F50329}.Debug|x86.Build.0 = Debug|Any CPU
		{FF04101C-F4E5-4E96-89A5-97EE51F50329}.Release|Any CPU.ActiveCfg = Release|Any CPU
		{FF04101C-F4E5-4E96-89A5-97EE51F50329}.Release|Any CPU.Build.0 = Release|Any CPU
		{FF04101C-F4E5-4E96-89A5-97EE51F50329}.Release|x64.ActiveCfg = Release|Any CPU
		{FF04101C-F4E5-4E96-89A5-97EE51F50329}.Release|x64.Build.0 = Release|Any CPU
		{FF04101C-F4E5-4E96-89A5-97EE51F50329}.Release|x86.ActiveCfg = Release|Any CPU
		{FF04101C-F4E5-4E96-89A5-97EE51F50329}.Release|x86.Build.0 = Release|Any CPU
	EndGlobalSection
	GlobalSection(SolutionProperties) = preSolution
		HideSolutionNode = FALSE
	EndGlobalSection
	GlobalSection(ExtensibilityGlobals) = postSolution
		SolutionGuid = {74298294-B8B7-4B19-BEA9-3F9A022F34EE}
	EndGlobalSection
EndGlobal
